
Microsoft Visual Studio Solution File, Format Version 12.00
# Visual Studio Version 17
VisualStudioVersion = 17.13.35825.156 d17.13
MinimumVisualStudioVersion = 10.0.40219.1
Project("{FAE04EC0-301F-11D3-BF4B-00C04F79EFBC}") = "Stylique.API", "Stylique.API\Stylique.API.csproj", "{20BC662D-A689-4EC8-BB61-B472C2E0FA1A}"
EndProject
Project("{FAE04EC0-301F-11D3-BF4B-00C04F79EFBC}") = "Stylique.Core", "Stylique.Core\Stylique.Core.csproj", "{CCF7C9D4-66F6-43C7-AB33-710EE957F68E}"
EndProject
Project("{FAE04EC0-301F-11D3-BF4B-00C04F79EFBC}") = "Stylique.Infrastructure", "Stylique.Infrastructure\Stylique.Infrastructure.csproj", "{8882B746-2E94-4731-AB69-16423A4A489C}"
EndProject
Global
	GlobalSection(SolutionConfigurationPlatforms) = preSolution
		Debug|Any CPU = Debug|Any CPU
		Release|Any CPU = Release|Any CPU
	EndGlobalSection
	GlobalSection(ProjectConfigurationPlatforms) = postSolution
		{20BC662D-A689-4EC8-BB61-B472C2E0FA1A}.Debug|Any CPU.ActiveCfg = Debug|Any CPU
		{20BC662D-A689-4EC8-BB61-B472C2E0FA1A}.Debug|Any CPU.Build.0 = Debug|Any CPU
		{20BC662D-A689-4EC8-BB61-B472C2E0FA1A}.Release|Any CPU.ActiveCfg = Release|Any CPU
		{20BC662D-A689-4EC8-BB61-B472C2E0FA1A}.Release|Any CPU.Build.0 = Release|Any CPU
		{CCF7C9D4-66F6-43C7-AB33-710EE957F68E}.Debug|Any CPU.ActiveCfg = Debug|Any CPU
		{CCF7C9D4-66F6-43C7-AB33-710EE957F68E}.Debug|Any CPU.Build.0 = Debug|Any CPU
		{CCF7C9D4-66F6-43C7-AB33-710EE957F68E}.Release|Any CPU.ActiveCfg = Release|Any CPU
		{CCF7C9D4-66F6-43C7-AB33-710EE957F68E}.Release|Any CPU.Build.0 = Release|Any CPU
		{8882B746-2E94-4731-AB69-16423A4A489C}.Debug|Any CPU.ActiveCfg = Debug|Any CPU
		{8882B746-2E94-4731-AB69-16423A4A489C}.Debug|Any CPU.Build.0 = Debug|Any CPU
		{8882B746-2E94-4731-AB69-16423A4A489C}.Release|Any CPU.ActiveCfg = Release|Any CPU
		{8882B746-2E94-4731-AB69-16423A4A489C}.Release|Any CPU.Build.0 = Release|Any CPU
	EndGlobalSection
	GlobalSection(SolutionProperties) = preSolution
		HideSolutionNode = FALSE
	EndGlobalSection
	GlobalSection(ExtensibilityGlobals) = postSolution
		SolutionGuid = {43032EA7-F87F-4B88-BC23-30617D6F6D01}
	EndGlobalSection
EndGlobal
